// !$*UTF8*$!
{
	archiveVersion = 1;
	classes = {
	};
	objectVersion = 56;
	objects = {

/* Begin PBXBuildFile section */
		1B14DB2A2BCAE32E00B09E4B /* Pow in Frameworks */ = {isa = PBXBuildFile; productRef = 1B14DB292BCAE32E00B09E4B /* Pow */; };
		1BB7A6D52BC8AA2C00C97704 /* LINE_parkingApp.swift in Sources */ = {isa = PBXBuildFile; fileRef = 1BB7A6D42BC8AA2C00C97704 /* LINE_parkingApp.swift */; };
		1BB7A6D72BC8AA2C00C97704 /* ContentView.swift in Sources */ = {isa = PBXBuildFile; fileRef = 1BB7A6D62BC8AA2C00C97704 /* ContentView.swift */; };
		1BB7A6D92BC8AA2E00C97704 /* Assets.xcassets in Resources */ = {isa = PBXBuildFile; fileRef = 1BB7A6D82BC8AA2E00C97704 /* Assets.xcassets */; };
		1BB7A6DD2BC8AA2E00C97704 /* Preview Assets.xcassets in Resources */ = {isa = PBXBuildFile; fileRef = 1BB7A6DC2BC8AA2E00C97704 /* Preview Assets.xcassets */; };
		1BB7A6E42BC8E95400C97704 /* ParkingSpot.swift in Sources */ = {isa = PBXBuildFile; fileRef = 1BB7A6E32BC8E95400C97704 /* ParkingSpot.swift */; };
		1BB7A6E62BC8E97700C97704 /* NetworkManager.swift in Sources */ = {isa = PBXBuildFile; fileRef = 1BB7A6E52BC8E97700C97704 /* NetworkManager.swift */; };
		1BB7A6E82BC8E9AB00C97704 /* ApiController.swift in Sources */ = {isa = PBXBuildFile; fileRef = 1BB7A6E72BC8E9AB00C97704 /* ApiController.swift */; };
		1BB7A6EA2BC8EA1500C97704 /* TitleBarView.swift in Sources */ = {isa = PBXBuildFile; fileRef = 1BB7A6E92BC8EA1500C97704 /* TitleBarView.swift */; };
		1BB7A6EC2BC8EA8900C97704 /* WifiSlashView.swift in Sources */ = {isa = PBXBuildFile; fileRef = 1BB7A6EB2BC8EA8900C97704 /* WifiSlashView.swift */; };
		1BB7A6EE2BC8EB1400C97704 /* ParkingListView.swift in Sources */ = {isa = PBXBuildFile; fileRef = 1BB7A6ED2BC8EB1400C97704 /* ParkingListView.swift */; };
		1BB7A6F02BC8F44500C97704 /* RemainingBarView.swift in Sources */ = {isa = PBXBuildFile; fileRef = 1BB7A6EF2BC8F44500C97704 /* RemainingBarView.swift */; };
		1BB7A6F22BC8F50200C97704 /* DisplayParkingListView.swift in Sources */ = {isa = PBXBuildFile; fileRef = 1BB7A6F12BC8F50200C97704 /* DisplayParkingListView.swift */; };
		1BF7E3F72BCCF4870078EE72 /* ParkingDataContentView.swift in Sources */ = {isa = PBXBuildFile; fileRef = 1BF7E3F62BCCF4870078EE72 /* ParkingDataContentView.swift */; };
		1BFEE4EA2BC8F67C00DD4DD6 /* RemainingItemView.swift in Sources */ = {isa = PBXBuildFile; fileRef = 1BFEE4E92BC8F67C00DD4DD6 /* RemainingItemView.swift */; };
		1BFEE4EC2BC8F6B800DD4DD6 /* RemainingType.swift in Sources */ = {isa = PBXBuildFile; fileRef = 1BFEE4EB2BC8F6B800DD4DD6 /* RemainingType.swift */; };
		1BFEE4FC2BC92AEB00DD4DD6 /* FilterView.swift in Sources */ = {isa = PBXBuildFile; fileRef = 1BFEE4FB2BC92AEB00DD4DD6 /* FilterView.swift */; };
		1BFEE4FE2BC92B0900DD4DD6 /* FilterSheetView.swift in Sources */ = {isa = PBXBuildFile; fileRef = 1BFEE4FD2BC92B0900DD4DD6 /* FilterSheetView.swift */; };
		1BFEE5002BC92B2500DD4DD6 /* CloseSheetButton.swift in Sources */ = {isa = PBXBuildFile; fileRef = 1BFEE4FF2BC92B2500DD4DD6 /* CloseSheetButton.swift */; };
		1BFEE5022BC92B4400DD4DD6 /* SheetDoneButton.swift in Sources */ = {isa = PBXBuildFile; fileRef = 1BFEE5012BC92B4400DD4DD6 /* SheetDoneButton.swift */; };
		1BFEE5042BC92B5E00DD4DD6 /* FilterItemListView.swift in Sources */ = {isa = PBXBuildFile; fileRef = 1BFEE5032BC92B5E00DD4DD6 /* FilterItemListView.swift */; };
		1BFEE5062BC92B7800DD4DD6 /* FilterItemView.swift in Sources */ = {isa = PBXBuildFile; fileRef = 1BFEE5052BC92B7800DD4DD6 /* FilterItemView.swift */; };
		1BFEE5082BC92B9900DD4DD6 /* SheetTitleBarView.swift in Sources */ = {isa = PBXBuildFile; fileRef = 1BFEE5072BC92B9900DD4DD6 /* SheetTitleBarView.swift */; };
		1BFEE50A2BC93B7100DD4DD6 /* FilterStatus.swift in Sources */ = {isa = PBXBuildFile; fileRef = 1BFEE5092BC93B7100DD4DD6 /* FilterStatus.swift */; };
		1BFEE50C2BC93DA200DD4DD6 /* APPStatus.swift in Sources */ = {isa = PBXBuildFile; fileRef = 1BFEE50B2BC93DA200DD4DD6 /* APPStatus.swift */; };
		1BFEE50E2BC9631600DD4DD6 /* HomeView.swift in Sources */ = {isa = PBXBuildFile; fileRef = 1BFEE50D2BC9631600DD4DD6 /* HomeView.swift */; };
		1BFEE5112BC9790A00DD4DD6 /* MessageBarView.swift in Sources */ = {isa = PBXBuildFile; fileRef = 1BFEE5102BC9790A00DD4DD6 /* MessageBarView.swift */; };
		1BFEE5132BC9795500DD4DD6 /* HomeTitleView.swift in Sources */ = {isa = PBXBuildFile; fileRef = 1BFEE5122BC9795500DD4DD6 /* HomeTitleView.swift */; };
		1BFEE5152BC97A2400DD4DD6 /* Macgician.swift in Sources */ = {isa = PBXBuildFile; fileRef = 1BFEE5142BC97A2400DD4DD6 /* Macgician.swift */; };
		1BFEE5172BC97AD400DD4DD6 /* HeroView.swift in Sources */ = {isa = PBXBuildFile; fileRef = 1BFEE5162BC97AD400DD4DD6 /* HeroView.swift */; };
		1BFEE5192BC97AF900DD4DD6 /* ParkingList.swift in Sources */ = {isa = PBXBuildFile; fileRef = 1BFEE5182BC97AF900DD4DD6 /* ParkingList.swift */; };
		1BFEE51B2BCA556B00DD4DD6 /* ParkingDataView.swift in Sources */ = {isa = PBXBuildFile; fileRef = 1BFEE51A2BCA556B00DD4DD6 /* ParkingDataView.swift */; };
		1BFEE51D2BCA6CED00DD4DD6 /* LoveList.swift in Sources */ = {isa = PBXBuildFile; fileRef = 1BFEE51C2BCA6CED00DD4DD6 /* LoveList.swift */; };
		1BFEE51F2BCA6DC600DD4DD6 /* FilterFunction.swift in Sources */ = {isa = PBXBuildFile; fileRef = 1BFEE51E2BCA6DC600DD4DD6 /* FilterFunction.swift */; };
/* End PBXBuildFile section */

/* Begin PBXFileReference section */
		1BB7A6D12BC8AA2C00C97704 /* LINE-parking.app */ = {isa = PBXFileReference; explicitFileType = wrapper.application; includeInIndex = 0; path = "LINE-parking.app"; sourceTree = BUILT_PRODUCTS_DIR; };
		1BB7A6D42BC8AA2C00C97704 /* LINE_parkingApp.swift */ = {isa = PBXFileReference; lastKnownFileType = sourcecode.swift; path = LINE_parkingApp.swift; sourceTree = "<group>"; };
		1BB7A6D62BC8AA2C00C97704 /* ContentView.swift */ = {isa = PBXFileReference; lastKnownFileType = sourcecode.swift; path = ContentView.swift; sourceTree = "<group>"; };
		1BB7A6D82BC8AA2E00C97704 /* Assets.xcassets */ = {isa = PBXFileReference; lastKnownFileType = folder.assetcatalog; path = Assets.xcassets; sourceTree = "<group>"; };
		1BB7A6DA2BC8AA2E00C97704 /* LINE_parking.entitlements */ = {isa = PBXFileReference; lastKnownFileType = text.plist.entitlements; path = LINE_parking.entitlements; sourceTree = "<group>"; };
		1BB7A6DC2BC8AA2E00C97704 /* Preview Assets.xcassets */ = {isa = PBXFileReference; lastKnownFileType = folder.assetcatalog; path = "Preview Assets.xcassets"; sourceTree = "<group>"; };
		1BB7A6E32BC8E95400C97704 /* ParkingSpot.swift */ = {isa = PBXFileReference; lastKnownFileType = sourcecode.swift; path = ParkingSpot.swift; sourceTree = "<group>"; };
		1BB7A6E52BC8E97700C97704 /* NetworkManager.swift */ = {isa = PBXFileReference; lastKnownFileType = sourcecode.swift; path = NetworkManager.swift; sourceTree = "<group>"; };
		1BB7A6E72BC8E9AB00C97704 /* ApiController.swift */ = {isa = PBXFileReference; lastKnownFileType = sourcecode.swift; path = ApiController.swift; sourceTree = "<group>"; };
		1BB7A6E92BC8EA1500C97704 /* TitleBarView.swift */ = {isa = PBXFileReference; lastKnownFileType = sourcecode.swift; path = TitleBarView.swift; sourceTree = "<group>"; };
		1BB7A6EB2BC8EA8900C97704 /* WifiSlashView.swift */ = {isa = PBXFileReference; lastKnownFileType = sourcecode.swift; path = WifiSlashView.swift; sourceTree = "<group>"; };
		1BB7A6ED2BC8EB1400C97704 /* ParkingListView.swift */ = {isa = PBXFileReference; lastKnownFileType = sourcecode.swift; path = ParkingListView.swift; sourceTree = "<group>"; };
		1BB7A6EF2BC8F44500C97704 /* RemainingBarView.swift */ = {isa = PBXFileReference; lastKnownFileType = sourcecode.swift; path = RemainingBarView.swift; sourceTree = "<group>"; };
		1BB7A6F12BC8F50200C97704 /* DisplayParkingListView.swift */ = {isa = PBXFileReference; lastKnownFileType = sourcecode.swift; path = DisplayParkingListView.swift; sourceTree = "<group>"; };
		1BF7E3F62BCCF4870078EE72 /* ParkingDataContentView.swift */ = {isa = PBXFileReference; lastKnownFileType = sourcecode.swift; path = ParkingDataContentView.swift; sourceTree = "<group>"; };
		1BFEE4E92BC8F67C00DD4DD6 /* RemainingItemView.swift */ = {isa = PBXFileReference; lastKnownFileType = sourcecode.swift; path = RemainingItemView.swift; sourceTree = "<group>"; };
		1BFEE4EB2BC8F6B800DD4DD6 /* RemainingType.swift */ = {isa = PBXFileReference; lastKnownFileType = sourcecode.swift; path = RemainingType.swift; sourceTree = "<group>"; };
		1BFEE4FB2BC92AEB00DD4DD6 /* FilterView.swift */ = {isa = PBXFileReference; lastKnownFileType = sourcecode.swift; path = FilterView.swift; sourceTree = "<group>"; };
		1BFEE4FD2BC92B0900DD4DD6 /* FilterSheetView.swift */ = {isa = PBXFileReference; lastKnownFileType = sourcecode.swift; path = FilterSheetView.swift; sourceTree = "<group>"; };
		1BFEE4FF2BC92B2500DD4DD6 /* CloseSheetButton.swift */ = {isa = PBXFileReference; lastKnownFileType = sourcecode.swift; path = CloseSheetButton.swift; sourceTree = "<group>"; };
		1BFEE5012BC92B4400DD4DD6 /* SheetDoneButton.swift */ = {isa = PBXFileReference; lastKnownFileType = sourcecode.swift; path = SheetDoneButton.swift; sourceTree = "<group>"; };
		1BFEE5032BC92B5E00DD4DD6 /* FilterItemListView.swift */ = {isa = PBXFileReference; lastKnownFileType = sourcecode.swift; path = FilterItemListView.swift; sourceTree = "<group>"; };
		1BFEE5052BC92B7800DD4DD6 /* FilterItemView.swift */ = {isa = PBXFileReference; lastKnownFileType = sourcecode.swift; path = FilterItemView.swift; sourceTree = "<group>"; };
		1BFEE5072BC92B9900DD4DD6 /* SheetTitleBarView.swift */ = {isa = PBXFileReference; lastKnownFileType = sourcecode.swift; path = SheetTitleBarView.swift; sourceTree = "<group>"; };
		1BFEE5092BC93B7100DD4DD6 /* FilterStatus.swift */ = {isa = PBXFileReference; lastKnownFileType = sourcecode.swift; path = FilterStatus.swift; sourceTree = "<group>"; };
		1BFEE50B2BC93DA200DD4DD6 /* APPStatus.swift */ = {isa = PBXFileReference; lastKnownFileType = sourcecode.swift; path = APPStatus.swift; sourceTree = "<group>"; };
		1BFEE50D2BC9631600DD4DD6 /* HomeView.swift */ = {isa = PBXFileReference; lastKnownFileType = sourcecode.swift; path = HomeView.swift; sourceTree = "<group>"; };
		1BFEE5102BC9790A00DD4DD6 /* MessageBarView.swift */ = {isa = PBXFileReference; lastKnownFileType = sourcecode.swift; path = MessageBarView.swift; sourceTree = "<group>"; };
		1BFEE5122BC9795500DD4DD6 /* HomeTitleView.swift */ = {isa = PBXFileReference; lastKnownFileType = sourcecode.swift; path = HomeTitleView.swift; sourceTree = "<group>"; };
		1BFEE5142BC97A2400DD4DD6 /* Macgician.swift */ = {isa = PBXFileReference; lastKnownFileType = sourcecode.swift; path = Macgician.swift; sourceTree = "<group>"; };
		1BFEE5162BC97AD400DD4DD6 /* HeroView.swift */ = {isa = PBXFileReference; lastKnownFileType = sourcecode.swift; path = HeroView.swift; sourceTree = "<group>"; };
		1BFEE5182BC97AF900DD4DD6 /* ParkingList.swift */ = {isa = PBXFileReference; lastKnownFileType = sourcecode.swift; path = ParkingList.swift; sourceTree = "<group>"; };
		1BFEE51A2BCA556B00DD4DD6 /* ParkingDataView.swift */ = {isa = PBXFileReference; lastKnownFileType = sourcecode.swift; path = ParkingDataView.swift; sourceTree = "<group>"; };
		1BFEE51C2BCA6CED00DD4DD6 /* LoveList.swift */ = {isa = PBXFileReference; lastKnownFileType = sourcecode.swift; path = LoveList.swift; sourceTree = "<group>"; };
		1BFEE51E2BCA6DC600DD4DD6 /* FilterFunction.swift */ = {isa = PBXFileReference; lastKnownFileType = sourcecode.swift; path = FilterFunction.swift; sourceTree = "<group>"; };
/* End PBXFileReference section */

/* Begin PBXFrameworksBuildPhase section */
		1BB7A6CE2BC8AA2C00C97704 /* Frameworks */ = {
			isa = PBXFrameworksBuildPhase;
			buildActionMask = 2147483647;
			files = (
				1B14DB2A2BCAE32E00B09E4B /* Pow in Frameworks */,
			);
			runOnlyForDeploymentPostprocessing = 0;
		};
/* End PBXFrameworksBuildPhase section */

/* Begin PBXGroup section */
		1BB7A6C82BC8AA2C00C97704 = {
			isa = PBXGroup;
			children = (
				1BB7A6D32BC8AA2C00C97704 /* LINE-parking */,
				1BB7A6D22BC8AA2C00C97704 /* Products */,
			);
			sourceTree = "<group>";
		};
		1BB7A6D22BC8AA2C00C97704 /* Products */ = {
			isa = PBXGroup;
			children = (
				1BB7A6D12BC8AA2C00C97704 /* LINE-parking.app */,
			);
			name = Products;
			sourceTree = "<group>";
		};
		1BB7A6D32BC8AA2C00C97704 /* LINE-parking */ = {
			isa = PBXGroup;
			children = (
				1BFEE4F92BC91AB700DD4DD6 /* Model */,
				1BFEE4F82BC91A9D00DD4DD6 /* Controller */,
				1BFEE4F62BC91A2F00DD4DD6 /* View */,
				1BB7A6D42BC8AA2C00C97704 /* LINE_parkingApp.swift */,
				1BB7A6D62BC8AA2C00C97704 /* ContentView.swift */,
				1BB7A6D82BC8AA2E00C97704 /* Assets.xcassets */,
				1BB7A6DA2BC8AA2E00C97704 /* LINE_parking.entitlements */,
				1BB7A6DB2BC8AA2E00C97704 /* Preview Content */,
			);
			path = "LINE-parking";
			sourceTree = "<group>";
		};
		1BB7A6DB2BC8AA2E00C97704 /* Preview Content */ = {
			isa = PBXGroup;
			children = (
				1BB7A6DC2BC8AA2E00C97704 /* Preview Assets.xcassets */,
			);
			path = "Preview Content";
			sourceTree = "<group>";
		};
		1BFEE4E82BC8F65200DD4DD6 /* RemainingBar */ = {
			isa = PBXGroup;
			children = (
				1BB7A6EF2BC8F44500C97704 /* RemainingBarView.swift */,
				1BFEE4E92BC8F67C00DD4DD6 /* RemainingItemView.swift */,
			);
			path = RemainingBar;
			sourceTree = "<group>";
		};
		1BFEE4F62BC91A2F00DD4DD6 /* View */ = {
			isa = PBXGroup;
			children = (
				1BFEE50F2BC9775100DD4DD6 /* HomeView */,
				1BFEE4F72BC91A6B00DD4DD6 /* ParkingListView */,
				1BFEE4FA2BC92ABE00DD4DD6 /* ParkingFIlterView */,
				1BB7A6EB2BC8EA8900C97704 /* WifiSlashView.swift */,
				1BFEE4FF2BC92B2500DD4DD6 /* CloseSheetButton.swift */,
				1BF7E3F62BCCF4870078EE72 /* ParkingDataContentView.swift */,
			);
			path = View;
			sourceTree = "<group>";
		};
		1BFEE4F72BC91A6B00DD4DD6 /* ParkingListView */ = {
			isa = PBXGroup;
			children = (
				1BFEE5182BC97AF900DD4DD6 /* ParkingList.swift */,
				1BB7A6ED2BC8EB1400C97704 /* ParkingListView.swift */,
				1BB7A6F12BC8F50200C97704 /* DisplayParkingListView.swift */,
				1BFEE4E82BC8F65200DD4DD6 /* RemainingBar */,
				1BFEE51A2BCA556B00DD4DD6 /* ParkingDataView.swift */,
				1BFEE51C2BCA6CED00DD4DD6 /* LoveList.swift */,
			);
			path = ParkingListView;
			sourceTree = "<group>";
		};
		1BFEE4F82BC91A9D00DD4DD6 /* Controller */ = {
			isa = PBXGroup;
			children = (
				1BB7A6E52BC8E97700C97704 /* NetworkManager.swift */,
				1BB7A6E72BC8E9AB00C97704 /* ApiController.swift */,
				1BFEE51E2BCA6DC600DD4DD6 /* FilterFunction.swift */,
			);
			path = Controller;
			sourceTree = "<group>";
		};
		1BFEE4F92BC91AB700DD4DD6 /* Model */ = {
			isa = PBXGroup;
			children = (
				1BFEE4EB2BC8F6B800DD4DD6 /* RemainingType.swift */,
				1BB7A6E32BC8E95400C97704 /* ParkingSpot.swift */,
				1BFEE5092BC93B7100DD4DD6 /* FilterStatus.swift */,
				1BFEE50B2BC93DA200DD4DD6 /* APPStatus.swift */,
			);
			path = Model;
			sourceTree = "<group>";
		};
		1BFEE4FA2BC92ABE00DD4DD6 /* ParkingFIlterView */ = {
			isa = PBXGroup;
			children = (
				1BB7A6E92BC8EA1500C97704 /* TitleBarView.swift */,
				1BFEE4FB2BC92AEB00DD4DD6 /* FilterView.swift */,
				1BFEE4FD2BC92B0900DD4DD6 /* FilterSheetView.swift */,
				1BFEE5012BC92B4400DD4DD6 /* SheetDoneButton.swift */,
				1BFEE5032BC92B5E00DD4DD6 /* FilterItemListView.swift */,
				1BFEE5052BC92B7800DD4DD6 /* FilterItemView.swift */,
				1BFEE5072BC92B9900DD4DD6 /* SheetTitleBarView.swift */,
			);
			path = ParkingFIlterView;
			sourceTree = "<group>";
		};
		1BFEE50F2BC9775100DD4DD6 /* HomeView */ = {
			isa = PBXGroup;
			children = (
				1BFEE50D2BC9631600DD4DD6 /* HomeView.swift */,
				1BFEE5102BC9790A00DD4DD6 /* MessageBarView.swift */,
				1BFEE5122BC9795500DD4DD6 /* HomeTitleView.swift */,
				1BFEE5142BC97A2400DD4DD6 /* Macgician.swift */,
				1BFEE5162BC97AD400DD4DD6 /* HeroView.swift */,
			);
			path = HomeView;
			sourceTree = "<group>";
		};
/* End PBXGroup section */

/* Begin PBXNativeTarget section */
		1BB7A6D02BC8AA2C00C97704 /* LINE-parking */ = {
			isa = PBXNativeTarget;
			buildConfigurationList = 1BB7A6E02BC8AA2E00C97704 /* Build configuration list for PBXNativeTarget "LINE-parking" */;
			buildPhases = (
				1BB7A6CD2BC8AA2C00C97704 /* Sources */,
				1BB7A6CE2BC8AA2C00C97704 /* Frameworks */,
				1BB7A6CF2BC8AA2C00C97704 /* Resources */,
			);
			buildRules = (
			);
			dependencies = (
			);
			name = "LINE-parking";
			packageProductDependencies = (
				1B14DB292BCAE32E00B09E4B /* Pow */,
			);
			productName = "Tainan-parking";
			productReference = 1BB7A6D12BC8AA2C00C97704 /* LINE-parking.app */;
			productType = "com.apple.product-type.application";
		};
/* End PBXNativeTarget section */

/* Begin PBXProject section */
		1BB7A6C92BC8AA2C00C97704 /* Project object */ = {
			isa = PBXProject;
			attributes = {
				BuildIndependentTargetsInParallel = 1;
				LastSwiftUpdateCheck = 1530;
				LastUpgradeCheck = 1530;
				TargetAttributes = {
					1BB7A6D02BC8AA2C00C97704 = {
						CreatedOnToolsVersion = 15.3;
					};
				};
			};
			buildConfigurationList = 1BB7A6CC2BC8AA2C00C97704 /* Build configuration list for PBXProject "LINE-parking" */;
			compatibilityVersion = "Xcode 14.0";
			developmentRegion = en;
			hasScannedForEncodings = 0;
			knownRegions = (
				en,
				Base,
			);
			mainGroup = 1BB7A6C82BC8AA2C00C97704;
			packageReferences = (
				1B14DB282BCAE32E00B09E4B /* XCRemoteSwiftPackageReference "Pow" */,
			);
			productRefGroup = 1BB7A6D22BC8AA2C00C97704 /* Products */;
			projectDirPath = "";
			projectRoot = "";
			targets = (
				1BB7A6D02BC8AA2C00C97704 /* LINE-parking */,
			);
		};
/* End PBXProject section */

/* Begin PBXResourcesBuildPhase section */
		1BB7A6CF2BC8AA2C00C97704 /* Resources */ = {
			isa = PBXResourcesBuildPhase;
			buildActionMask = 2147483647;
			files = (
				1BB7A6DD2BC8AA2E00C97704 /* Preview Assets.xcassets in Resources */,
				1BB7A6D92BC8AA2E00C97704 /* Assets.xcassets in Resources */,
			);
			runOnlyForDeploymentPostprocessing = 0;
		};
/* End PBXResourcesBuildPhase section */

/* Begin PBXSourcesBuildPhase section */
		1BB7A6CD2BC8AA2C00C97704 /* Sources */ = {
			isa = PBXSourcesBuildPhase;
			buildActionMask = 2147483647;
			files = (
				1BFEE50C2BC93DA200DD4DD6 /* APPStatus.swift in Sources */,
				1BFEE51F2BCA6DC600DD4DD6 /* FilterFunction.swift in Sources */,
				1BFEE4FC2BC92AEB00DD4DD6 /* FilterView.swift in Sources */,
				1BFEE5062BC92B7800DD4DD6 /* FilterItemView.swift in Sources */,
				1BB7A6EC2BC8EA8900C97704 /* WifiSlashView.swift in Sources */,
				1BFEE4FE2BC92B0900DD4DD6 /* FilterSheetView.swift in Sources */,
				1BFEE50E2BC9631600DD4DD6 /* HomeView.swift in Sources */,
				1BFEE5112BC9790A00DD4DD6 /* MessageBarView.swift in Sources */,
				1BFEE4EA2BC8F67C00DD4DD6 /* RemainingItemView.swift in Sources */,
				1BFEE4EC2BC8F6B800DD4DD6 /* RemainingType.swift in Sources */,
				1BFEE51B2BCA556B00DD4DD6 /* ParkingDataView.swift in Sources */,
				1BFEE5082BC92B9900DD4DD6 /* SheetTitleBarView.swift in Sources */,
				1BFEE5172BC97AD400DD4DD6 /* HeroView.swift in Sources */,
				1BB7A6E62BC8E97700C97704 /* NetworkManager.swift in Sources */,
				1BFEE5002BC92B2500DD4DD6 /* CloseSheetButton.swift in Sources */,
				1BB7A6F22BC8F50200C97704 /* DisplayParkingListView.swift in Sources */,
				1BFEE5192BC97AF900DD4DD6 /* ParkingList.swift in Sources */,
				1BB7A6EA2BC8EA1500C97704 /* TitleBarView.swift in Sources */,
				1BFEE5042BC92B5E00DD4DD6 /* FilterItemListView.swift in Sources */,
				1BFEE51D2BCA6CED00DD4DD6 /* LoveList.swift in Sources */,
				1BB7A6EE2BC8EB1400C97704 /* ParkingListView.swift in Sources */,
				1BB7A6D72BC8AA2C00C97704 /* ContentView.swift in Sources */,
				1BFEE5022BC92B4400DD4DD6 /* SheetDoneButton.swift in Sources */,
				1BB7A6F02BC8F44500C97704 /* RemainingBarView.swift in Sources */,
				1BB7A6E82BC8E9AB00C97704 /* ApiController.swift in Sources */,
				1BFEE5152BC97A2400DD4DD6 /* Macgician.swift in Sources */,
				1BFEE5132BC9795500DD4DD6 /* HomeTitleView.swift in Sources */,
				1BB7A6D52BC8AA2C00C97704 /* LINE_parkingApp.swift in Sources */,
				1BF7E3F72BCCF4870078EE72 /* ParkingDataContentView.swift in Sources */,
				1BB7A6E42BC8E95400C97704 /* ParkingSpot.swift in Sources */,
				1BFEE50A2BC93B7100DD4DD6 /* FilterStatus.swift in Sources */,
			);
			runOnlyForDeploymentPostprocessing = 0;
		};
/* End PBXSourcesBuildPhase section */

/* Begin XCBuildConfiguration section */
		1BB7A6DE2BC8AA2E00C97704 /* Debug */ = {
			isa = XCBuildConfiguration;
			buildSettings = {
				ALWAYS_SEARCH_USER_PATHS = NO;
				ASSETCATALOG_COMPILER_GENERATE_SWIFT_ASSET_SYMBOL_EXTENSIONS = YES;
				CLANG_ANALYZER_NONNULL = YES;
				CLANG_ANALYZER_NUMBER_OBJECT_CONVERSION = YES_AGGRESSIVE;
				CLANG_CXX_LANGUAGE_STANDARD = "gnu++20";
				CLANG_ENABLE_MODULES = YES;
				CLANG_ENABLE_OBJC_ARC = YES;
				CLANG_ENABLE_OBJC_WEAK = YES;
				CLANG_WARN_BLOCK_CAPTURE_AUTORELEASING = YES;
				CLANG_WARN_BOOL_CONVERSION = YES;
				CLANG_WARN_COMMA = YES;
				CLANG_WARN_CONSTANT_CONVERSION = YES;
				CLANG_WARN_DEPRECATED_OBJC_IMPLEMENTATIONS = YES;
				CLANG_WARN_DIRECT_OBJC_ISA_USAGE = YES_ERROR;
				CLANG_WARN_DOCUMENTATION_COMMENTS = YES;
				CLANG_WARN_EMPTY_BODY = YES;
				CLANG_WARN_ENUM_CONVERSION = YES;
				CLANG_WARN_INFINITE_RECURSION = YES;
				CLANG_WARN_INT_CONVERSION = YES;
				CLANG_WARN_NON_LITERAL_NULL_CONVERSION = YES;
				CLANG_WARN_OBJC_IMPLICIT_RETAIN_SELF = YES;
				CLANG_WARN_OBJC_LITERAL_CONVERSION = YES;
				CLANG_WARN_OBJC_ROOT_CLASS = YES_ERROR;
				CLANG_WARN_QUOTED_INCLUDE_IN_FRAMEWORK_HEADER = YES;
				CLANG_WARN_RANGE_LOOP_ANALYSIS = YES;
				CLANG_WARN_STRICT_PROTOTYPES = YES;
				CLANG_WARN_SUSPICIOUS_MOVE = YES;
				CLANG_WARN_UNGUARDED_AVAILABILITY = YES_AGGRESSIVE;
				CLANG_WARN_UNREACHABLE_CODE = YES;
				CLANG_WARN__DUPLICATE_METHOD_MATCH = YES;
				COPY_PHASE_STRIP = NO;
				DEBUG_INFORMATION_FORMAT = dwarf;
				ENABLE_STRICT_OBJC_MSGSEND = YES;
				ENABLE_TESTABILITY = YES;
				ENABLE_USER_SCRIPT_SANDBOXING = YES;
				GCC_C_LANGUAGE_STANDARD = gnu17;
				GCC_DYNAMIC_NO_PIC = NO;
				GCC_NO_COMMON_BLOCKS = YES;
				GCC_OPTIMIZATION_LEVEL = 0;
				GCC_PREPROCESSOR_DEFINITIONS = (
					"DEBUG=1",
					"$(inherited)",
				);
				GCC_WARN_64_TO_32_BIT_CONVERSION = YES;
				GCC_WARN_ABOUT_RETURN_TYPE = YES_ERROR;
				GCC_WARN_UNDECLARED_SELECTOR = YES;
				GCC_WARN_UNINITIALIZED_AUTOS = YES_AGGRESSIVE;
				GCC_WARN_UNUSED_FUNCTION = YES;
				GCC_WARN_UNUSED_VARIABLE = YES;
				LOCALIZATION_PREFERS_STRING_CATALOGS = YES;
				MTL_ENABLE_DEBUG_INFO = INCLUDE_SOURCE;
				MTL_FAST_MATH = YES;
				ONLY_ACTIVE_ARCH = YES;
				SWIFT_ACTIVE_COMPILATION_CONDITIONS = "DEBUG $(inherited)";
				SWIFT_OPTIMIZATION_LEVEL = "-Onone";
			};
			name = Debug;
		};
		1BB7A6DF2BC8AA2E00C97704 /* Release */ = {
			isa = XCBuildConfiguration;
			buildSettings = {
				ALWAYS_SEARCH_USER_PATHS = NO;
				ASSETCATALOG_COMPILER_GENERATE_SWIFT_ASSET_SYMBOL_EXTENSIONS = YES;
				CLANG_ANALYZER_NONNULL = YES;
				CLANG_ANALYZER_NUMBER_OBJECT_CONVERSION = YES_AGGRESSIVE;
				CLANG_CXX_LANGUAGE_STANDARD = "gnu++20";
				CLANG_ENABLE_MODULES = YES;
				CLANG_ENABLE_OBJC_ARC = YES;
				CLANG_ENABLE_OBJC_WEAK = YES;
				CLANG_WARN_BLOCK_CAPTURE_AUTORELEASING = YES;
				CLANG_WARN_BOOL_CONVERSION = YES;
				CLANG_WARN_COMMA = YES;
				CLANG_WARN_CONSTANT_CONVERSION = YES;
				CLANG_WARN_DEPRECATED_OBJC_IMPLEMENTATIONS = YES;
				CLANG_WARN_DIRECT_OBJC_ISA_USAGE = YES_ERROR;
				CLANG_WARN_DOCUMENTATION_COMMENTS = YES;
				CLANG_WARN_EMPTY_BODY = YES;
				CLANG_WARN_ENUM_CONVERSION = YES;
				CLANG_WARN_INFINITE_RECURSION = YES;
				CLANG_WARN_INT_CONVERSION = YES;
				CLANG_WARN_NON_LITERAL_NULL_CONVERSION = YES;
				CLANG_WARN_OBJC_IMPLICIT_RETAIN_SELF = YES;
				CLANG_WARN_OBJC_LITERAL_CONVERSION = YES;
				CLANG_WARN_OBJC_ROOT_CLASS = YES_ERROR;
				CLANG_WARN_QUOTED_INCLUDE_IN_FRAMEWORK_HEADER = YES;
				CLANG_WARN_RANGE_LOOP_ANALYSIS = YES;
				CLANG_WARN_STRICT_PROTOTYPES = YES;
				CLANG_WARN_SUSPICIOUS_MOVE = YES;
				CLANG_WARN_UNGUARDED_AVAILABILITY = YES_AGGRESSIVE;
				CLANG_WARN_UNREACHABLE_CODE = YES;
				CLANG_WARN__DUPLICATE_METHOD_MATCH = YES;
				COPY_PHASE_STRIP = NO;
				DEBUG_INFORMATION_FORMAT = "dwarf-with-dsym";
				ENABLE_NS_ASSERTIONS = NO;
				ENABLE_STRICT_OBJC_MSGSEND = YES;
				ENABLE_USER_SCRIPT_SANDBOXING = YES;
				GCC_C_LANGUAGE_STANDARD = gnu17;
				GCC_NO_COMMON_BLOCKS = YES;
				GCC_WARN_64_TO_32_BIT_CONVERSION = YES;
				GCC_WARN_ABOUT_RETURN_TYPE = YES_ERROR;
				GCC_WARN_UNDECLARED_SELECTOR = YES;
				GCC_WARN_UNINITIALIZED_AUTOS = YES_AGGRESSIVE;
				GCC_WARN_UNUSED_FUNCTION = YES;
				GCC_WARN_UNUSED_VARIABLE = YES;
				LOCALIZATION_PREFERS_STRING_CATALOGS = YES;
				MTL_ENABLE_DEBUG_INFO = NO;
				MTL_FAST_MATH = YES;
				SWIFT_COMPILATION_MODE = wholemodule;
			};
			name = Release;
		};
		1BB7A6E12BC8AA2E00C97704 /* Debug */ = {
			isa = XCBuildConfiguration;
			buildSettings = {
				ASSETCATALOG_COMPILER_APPICON_NAME = AppIcon;
				ASSETCATALOG_COMPILER_GLOBAL_ACCENT_COLOR_NAME = AccentColor;
				CODE_SIGN_ENTITLEMENTS = "LINE-parking/LINE_parking.entitlements";
				CODE_SIGN_STYLE = Automatic;
				CURRENT_PROJECT_VERSION = 1;
				DEVELOPMENT_ASSET_PATHS = "\"LINE-parking/Preview Content\"";
				ENABLE_PREVIEWS = YES;
				GENERATE_INFOPLIST_FILE = YES;
				"INFOPLIST_KEY_UIApplicationSceneManifest_Generation[sdk=iphoneos*]" = YES;
				"INFOPLIST_KEY_UIApplicationSceneManifest_Generation[sdk=iphonesimulator*]" = YES;
				"INFOPLIST_KEY_UIApplicationSupportsIndirectInputEvents[sdk=iphoneos*]" = YES;
				"INFOPLIST_KEY_UIApplicationSupportsIndirectInputEvents[sdk=iphonesimulator*]" = YES;
				"INFOPLIST_KEY_UILaunchScreen_Generation[sdk=iphoneos*]" = YES;
				"INFOPLIST_KEY_UILaunchScreen_Generation[sdk=iphonesimulator*]" = YES;
				"INFOPLIST_KEY_UIStatusBarStyle[sdk=iphoneos*]" = UIStatusBarStyleDefault;
				"INFOPLIST_KEY_UIStatusBarStyle[sdk=iphonesimulator*]" = UIStatusBarStyleDefault;
				INFOPLIST_KEY_UISupportedInterfaceOrientations_iPad = "UIInterfaceOrientationPortrait UIInterfaceOrientationPortraitUpsideDown UIInterfaceOrientationLandscapeLeft UIInterfaceOrientationLandscapeRight";
				INFOPLIST_KEY_UISupportedInterfaceOrientations_iPhone = "UIInterfaceOrientationPortrait UIInterfaceOrientationLandscapeLeft UIInterfaceOrientationLandscapeRight";
				IPHONEOS_DEPLOYMENT_TARGET = 17.4;
				LD_RUNPATH_SEARCH_PATHS = "@executable_path/Frameworks";
				"LD_RUNPATH_SEARCH_PATHS[sdk=macosx*]" = "@executable_path/../Frameworks";
				MACOSX_DEPLOYMENT_TARGET = 14.4;
				MARKETING_VERSION = 1.0;
				PRODUCT_BUNDLE_IDENTIFIER = "ateto1202.LINE-parking";
				PRODUCT_NAME = "$(TARGET_NAME)";
				SDKROOT = auto;
				SUPPORTED_PLATFORMS = "iphoneos iphonesimulator macosx";
				SWIFT_EMIT_LOC_STRINGS = YES;
				SWIFT_VERSION = 5.0;
				TARGETED_DEVICE_FAMILY = "1,2";
			};
			name = Debug;
		};
		1BB7A6E22BC8AA2E00C97704 /* Release */ = {
			isa = XCBuildConfiguration;
			buildSettings = {
				ASSETCATALOG_COMPILER_APPICON_NAME = AppIcon;
				ASSETCATALOG_COMPILER_GLOBAL_ACCENT_COLOR_NAME = AccentColor;
				CODE_SIGN_ENTITLEMENTS = "LINE-parking/LINE_parking.entitlements";
				CODE_SIGN_STYLE = Automatic;
				CURRENT_PROJECT_VERSION = 1;
				DEVELOPMENT_ASSET_PATHS = "\"LINE-parking/Preview Content\"";
				ENABLE_PREVIEWS = YES;
				GENERATE_INFOPLIST_FILE = YES;
				"INFOPLIST_KEY_UIApplicationSceneManifest_Generation[sdk=iphoneos*]" = YES;
				"INFOPLIST_KEY_UIApplicationSceneManifest_Generation[sdk=iphonesimulator*]" = YES;
				"INFOPLIST_KEY_UIApplicationSupportsIndirectInputEvents[sdk=iphoneos*]" = YES;
				"INFOPLIST_KEY_UIApplicationSupportsIndirectInputEvents[sdk=iphonesimulator*]" = YES;
				"INFOPLIST_KEY_UILaunchScreen_Generation[sdk=iphoneos*]" = YES;
				"INFOPLIST_KEY_UILaunchScreen_Generation[sdk=iphonesimulator*]" = YES;
				"INFOPLIST_KEY_UIStatusBarStyle[sdk=iphoneos*]" = UIStatusBarStyleDefault;
				"INFOPLIST_KEY_UIStatusBarStyle[sdk=iphonesimulator*]" = UIStatusBarStyleDefault;
				INFOPLIST_KEY_UISupportedInterfaceOrientations_iPad = "UIInterfaceOrientationPortrait UIInterfaceOrientationPortraitUpsideDown UIInterfaceOrientationLandscapeLeft UIInterfaceOrientationLandscapeRight";
				INFOPLIST_KEY_UISupportedInterfaceOrientations_iPhone = "UIInterfaceOrientationPortrait UIInterfaceOrientationLandscapeLeft UIInterfaceOrientationLandscapeRight";
				IPHONEOS_DEPLOYMENT_TARGET = 17.4;
				LD_RUNPATH_SEARCH_PATHS = "@executable_path/Frameworks";
				"LD_RUNPATH_SEARCH_PATHS[sdk=macosx*]" = "@executable_path/../Frameworks";
				MACOSX_DEPLOYMENT_TARGET = 14.4;
				MARKETING_VERSION = 1.0;
				PRODUCT_BUNDLE_IDENTIFIER = "ateto1202.LINE-parking";
				PRODUCT_NAME = "$(TARGET_NAME)";
				SDKROOT = auto;
				SUPPORTED_PLATFORMS = "iphoneos iphonesimulator macosx";
				SWIFT_EMIT_LOC_STRINGS = YES;
				SWIFT_VERSION = 5.0;
				TARGETED_DEVICE_FAMILY = "1,2";
			};
			name = Release;
		};
/* End XCBuildConfiguration section */

/* Begin XCConfigurationList section */
		1BB7A6CC2BC8AA2C00C97704 /* Build configuration list for PBXProject "LINE-parking" */ = {
			isa = XCConfigurationList;
			buildConfigurations = (
				1BB7A6DE2BC8AA2E00C97704 /* Debug */,
				1BB7A6DF2BC8AA2E00C97704 /* Release */,
			);
			defaultConfigurationIsVisible = 0;
			defaultConfigurationName = Release;
		};
		1BB7A6E02BC8AA2E00C97704 /* Build configuration list for PBXNativeTarget "LINE-parking" */ = {
			isa = XCConfigurationList;
			buildConfigurations = (
				1BB7A6E12BC8AA2E00C97704 /* Debug */,
				1BB7A6E22BC8AA2E00C97704 /* Release */,
			);
			defaultConfigurationIsVisible = 0;
			defaultConfigurationName = Release;
		};
/* End XCConfigurationList section */

/* Begin XCRemoteSwiftPackageReference section */
		1B14DB282BCAE32E00B09E4B /* XCRemoteSwiftPackageReference "Pow" */ = {
			isa = XCRemoteSwiftPackageReference;
			repositoryURL = "https://github.com/EmergeTools/Pow";
			requirement = {
				kind = upToNextMajorVersion;
				minimumVersion = 1.0.3;
			};
		};
/* End XCRemoteSwiftPackageReference section */

/* Begin XCSwiftPackageProductDependency section */
		1B14DB292BCAE32E00B09E4B /* Pow */ = {
			isa = XCSwiftPackageProductDependency;
			package = 1B14DB282BCAE32E00B09E4B /* XCRemoteSwiftPackageReference "Pow" */;
			productName = Pow;
		};
/* End XCSwiftPackageProductDependency section */
	};
	rootObject = 1BB7A6C92BC8AA2C00C97704 /* Project object */;
}
